
Microsoft Visual Studio Solution File, Format Version 12.00
# Visual Studio 15
VisualStudioVersion = 15.0.26403.3
MinimumVisualStudioVersion = 10.0.40219.1
Project("{FAE04EC0-301F-11D3-BF4B-00C04F79EFBC}") = "BinaryTree", "BinaryTree\BinaryTree.csproj", "{A93EB257-5C00-4990-BA5C-BF0A1D393E2C}"
EndProject
Project("{FAE04EC0-301F-11D3-BF4B-00C04F79EFBC}") = "BinaryTreeTests", "BinaryTreeTests\BinaryTreeTests.csproj", "{AD50EDF9-034D-4D25-AF34-32199AD90E0A}"
EndProject
Project("{FAE04EC0-301F-11D3-BF4B-00C04F79EFBC}") = "TreeApp", "TreeApp\TreeApp.csproj", "{9EF19174-606D-4B65-B3E9-275748747ED3}"
EndProject
Global
	GlobalSection(SolutionConfigurationPlatforms) = preSolution
		Debug|Any CPU = Debug|Any CPU
		Release|Any CPU = Release|Any CPU
	EndGlobalSection
	GlobalSection(ProjectConfigurationPlatforms) = postSolution
		{A93EB257-5C00-4990-BA5C-BF0A1D393E2C}.Debug|Any CPU.ActiveCfg = Debug|Any CPU
		{A93EB257-5C00-4990-BA5C-BF0A1D393E2C}.Debug|Any CPU.Build.0 = Debug|Any CPU
		{A93EB257-5C00-4990-BA5C-BF0A1D393E2C}.Release|Any CPU.ActiveCfg = Release|Any CPU
		{A93EB257-5C00-4990-BA5C-BF0A1D393E2C}.Release|Any CPU.Build.0 = Release|Any CPU
		{AD50EDF9-034D-4D25-AF34-32199AD90E0A}.Debug|Any CPU.ActiveCfg = Debug|Any CPU
		{AD50EDF9-034D-4D25-AF34-32199AD90E0A}.Debug|Any CPU.Build.0 = Debug|Any CPU
		{AD50EDF9-034D-4D25-AF34-32199AD90E0A}.Release|Any CPU.ActiveCfg = Release|Any CPU
		{AD50EDF9-034D-4D25-AF34-32199AD90E0A}.Release|Any CPU.Build.0 = Release|Any CPU
		{9EF19174-606D-4B65-B3E9-275748747ED3}.Debug|Any CPU.ActiveCfg = Debug|Any CPU
		{9EF19174-606D-4B65-B3E9-275748747ED3}.Debug|Any CPU.Build.0 = Debug|Any CPU
		{9EF19174-606D-4B65-B3E9-275748747ED3}.Release|Any CPU.ActiveCfg = Release|Any CPU
		{9EF19174-606D-4B65-B3E9-275748747ED3}.Release|Any CPU.Build.0 = Release|Any CPU
	EndGlobalSection
	GlobalSection(SolutionProperties) = preSolution
		HideSolutionNode = FALSE
	EndGlobalSection
EndGlobal
